version = 1
requires-python = ">=3.13"

[[package]]
name = "black"
version = "24.10.0"
source = { registry = "https://pypi.org/simple" }
dependencies = [
    { name = "click" },
    { name = "mypy-extensions" },
    { name = "packaging" },
    { name = "pathspec" },
    { name = "platformdirs" },
]
sdist = { url = "https://files.pythonhosted.org/packages/d8/0d/cc2fb42b8c50d80143221515dd7e4766995bd07c56c9a3ed30baf080b6dc/black-24.10.0.tar.gz", hash = "sha256:846ea64c97afe3bc677b761787993be4991810ecc7a4a937816dd6bddedc4875", size = 645813 }
wheels = [
    { url = "https://files.pythonhosted.org/packages/d0/a0/a993f58d4ecfba035e61fca4e9f64a2ecae838fc9f33ab798c62173ed75c/black-24.10.0-cp313-cp313-macosx_10_13_x86_64.whl", hash = "sha256:1cbacacb19e922a1d75ef2b6ccaefcd6e93a2c05ede32f06a21386a04cedb981", size = 1643986 },
    { url = "https://files.pythonhosted.org/packages/37/d5/602d0ef5dfcace3fb4f79c436762f130abd9ee8d950fa2abdbf8bbc555e0/black-24.10.0-cp313-cp313-macosx_11_0_arm64.whl", hash = "sha256:1f93102e0c5bb3907451063e08b9876dbeac810e7da5a8bfb7aeb5a9ef89066b", size = 1448085 },
    { url = "https://files.pythonhosted.org/packages/47/6d/a3a239e938960df1a662b93d6230d4f3e9b4a22982d060fc38c42f45a56b/black-24.10.0-cp313-cp313-manylinux_2_17_x86_64.manylinux2014_x86_64.manylinux_2_28_x86_64.whl", hash = "sha256:ddacb691cdcdf77b96f549cf9591701d8db36b2f19519373d60d31746068dbf2", size = 1760928 },
    { url = "https://files.pythonhosted.org/packages/dd/cf/af018e13b0eddfb434df4d9cd1b2b7892bab119f7a20123e93f6910982e8/black-24.10.0-cp313-cp313-win_amd64.whl", hash = "sha256:680359d932801c76d2e9c9068d05c6b107f2584b2a5b88831c83962eb9984c1b", size = 1436875 },
    { url = "https://files.pythonhosted.org/packages/8d/a7/4b27c50537ebca8bec139b872861f9d2bf501c5ec51fcf897cb924d9e264/black-24.10.0-py3-none-any.whl", hash = "sha256:3bb2b7a1f7b685f85b11fed1ef10f8a9148bceb49853e47a294a3dd963c1dd7d", size = 206898 },
]

[[package]]
name = "cachetools"
version = "5.5.1"
source = { registry = "https://pypi.org/simple" }
sdist = { url = "https://files.pythonhosted.org/packages/d9/74/57df1ab0ce6bc5f6fa868e08de20df8ac58f9c44330c7671ad922d2bbeae/cachetools-5.5.1.tar.gz", hash = "sha256:70f238fbba50383ef62e55c6aff6d9673175fe59f7c6782c7a0b9e38f4a9df95", size = 28044 }
wheels = [
    { url = "https://files.pythonhosted.org/packages/ec/4e/de4ff18bcf55857ba18d3a4bd48c8a9fde6bb0980c9d20b263f05387fd88/cachetools-5.5.1-py3-none-any.whl", hash = "sha256:b76651fdc3b24ead3c648bbdeeb940c1b04d365b38b4af66788f9ec4a81d42bb", size = 9530 },
]

[[package]]
name = "cfgv"
version = "3.4.0"
source = { registry = "https://pypi.org/simple" }
sdist = { url = "https://files.pythonhosted.org/packages/11/74/539e56497d9bd1d484fd863dd69cbbfa653cd2aa27abfe35653494d85e94/cfgv-3.4.0.tar.gz", hash = "sha256:e52591d4c5f5dead8e0f673fb16db7949d2cfb3f7da4582893288f0ded8fe560", size = 7114 }
wheels = [
    { url = "https://files.pythonhosted.org/packages/c5/55/51844dd50c4fc7a33b653bfaba4c2456f06955289ca770a5dbd5fd267374/cfgv-3.4.0-py2.py3-none-any.whl", hash = "sha256:b7265b1f29fd3316bfcd2b330d63d024f2bfd8bcb8b0272f8e19a504856c48f9", size = 7249 },
]

[[package]]
name = "chardet"
version = "5.2.0"
source = { registry = "https://pypi.org/simple" }
sdist = { url = "https://files.pythonhosted.org/packages/f3/0d/f7b6ab21ec75897ed80c17d79b15951a719226b9fababf1e40ea74d69079/chardet-5.2.0.tar.gz", hash = "sha256:1b3b6ff479a8c414bc3fa2c0852995695c4a026dcd6d0633b2dd092ca39c1cf7", size = 2069618 }
wheels = [
    { url = "https://files.pythonhosted.org/packages/38/6f/f5fbc992a329ee4e0f288c1fe0e2ad9485ed064cac731ed2fe47dcc38cbf/chardet-5.2.0-py3-none-any.whl", hash = "sha256:e1cf59446890a00105fe7b7912492ea04b6e6f06d4b742b2c788469e34c82970", size = 199385 },
]

[[package]]
name = "click"
version = "8.1.8"
source = { registry = "https://pypi.org/simple" }
dependencies = [
    { name = "colorama", marker = "sys_platform == 'win32'" },
]
sdist = { url = "https://files.pythonhosted.org/packages/b9/2e/0090cbf739cee7d23781ad4b89a9894a41538e4fcf4c31dcdd705b78eb8b/click-8.1.8.tar.gz", hash = "sha256:ed53c9d8990d83c2a27deae68e4ee337473f6330c040a31d4225c9574d16096a", size = 226593 }
wheels = [
    { url = "https://files.pythonhosted.org/packages/7e/d4/7ebdbd03970677812aac39c869717059dbb71a4cfc033ca6e5221787892c/click-8.1.8-py3-none-any.whl", hash = "sha256:63c132bbbed01578a06712a2d1f497bb62d9c1c0d329b7903a866228027263b2", size = 98188 },
]

[[package]]
name = "colorama"
version = "0.4.6"
source = { registry = "https://pypi.org/simple" }
sdist = { url = "https://files.pythonhosted.org/packages/d8/53/6f443c9a4a8358a93a6792e2acffb9d9d5cb0a5cfd8802644b7b1c9a02e4/colorama-0.4.6.tar.gz", hash = "sha256:08695f5cb7ed6e0531a20572697297273c47b8cae5a63ffc6d6ed5c201be6e44", size = 27697 }
wheels = [
    { url = "https://files.pythonhosted.org/packages/d1/d6/3965ed04c63042e047cb6a3e6ed1a63a35087b6a609aa3a15ed8ac56c221/colorama-0.4.6-py2.py3-none-any.whl", hash = "sha256:4f1d9991f5acc0ca119f9d443620b77f9d6b33703e51011c16baf57afb285fc6", size = 25335 },
]

[[package]]
name = "configupdater"
version = "3.2"
source = { registry = "https://pypi.org/simple" }
sdist = { url = "https://files.pythonhosted.org/packages/2b/f4/603bd8a65e040b23d25b5843836297b0f4e430f509d8ed2ef8f072fb4127/ConfigUpdater-3.2.tar.gz", hash = "sha256:9fdac53831c1b062929bf398b649b87ca30e7f1a735f3fbf482072804106306b", size = 140603 }
wheels = [
    { url = "https://files.pythonhosted.org/packages/e7/f0/b59cb7613d9d0f866b6ff247c5953ad78363c27ff5d684a2a98899ab8220/ConfigUpdater-3.2-py2.py3-none-any.whl", hash = "sha256:0f65a041627d7693840b4dd743581db4c441c97195298a29d075f91b79539df2", size = 34688 },
]

[[package]]
name = "coverage"
version = "7.6.10"
source = { registry = "https://pypi.org/simple" }
sdist = { url = "https://files.pythonhosted.org/packages/84/ba/ac14d281f80aab516275012e8875991bb06203957aa1e19950139238d658/coverage-7.6.10.tar.gz", hash = "sha256:7fb105327c8f8f0682e29843e2ff96af9dcbe5bab8eeb4b398c6a33a16d80a23", size = 803868 }
wheels = [
    { url = "https://files.pythonhosted.org/packages/25/6d/31883d78865529257bf847df5789e2ae80e99de8a460c3453dbfbe0db069/coverage-7.6.10-cp313-cp313-macosx_10_13_x86_64.whl", hash = "sha256:05fca8ba6a87aabdd2d30d0b6c838b50510b56cdcfc604d40760dae7153b73d9", size = 208308 },
    { url = "https://files.pythonhosted.org/packages/70/22/3f2b129cc08de00c83b0ad6252e034320946abfc3e4235c009e57cfeee05/coverage-7.6.10-cp313-cp313-macosx_11_0_arm64.whl", hash = "sha256:9e80eba8801c386f72e0712a0453431259c45c3249f0009aff537a517b52942b", size = 208565 },
    { url = "https://files.pythonhosted.org/packages/97/0a/d89bc2d1cc61d3a8dfe9e9d75217b2be85f6c73ebf1b9e3c2f4e797f4531/coverage-7.6.10-cp313-cp313-manylinux_2_17_aarch64.manylinux2014_aarch64.whl", hash = "sha256:a372c89c939d57abe09e08c0578c1d212e7a678135d53aa16eec4430adc5e690", size = 241083 },
    { url = "https://files.pythonhosted.org/packages/4c/81/6d64b88a00c7a7aaed3a657b8eaa0931f37a6395fcef61e53ff742b49c97/coverage-7.6.10-cp313-cp313-manylinux_2_5_i686.manylinux1_i686.manylinux_2_17_i686.manylinux2014_i686.whl", hash = "sha256:ec22b5e7fe7a0fa8509181c4aac1db48f3dd4d3a566131b313d1efc102892c18", size = 238235 },
    { url = "https://files.pythonhosted.org/packages/9a/0b/7797d4193f5adb4b837207ed87fecf5fc38f7cc612b369a8e8e12d9fa114/coverage-7.6.10-cp313-cp313-manylinux_2_5_x86_64.manylinux1_x86_64.manylinux_2_17_x86_64.manylinux2014_x86_64.whl", hash = "sha256:26bcf5c4df41cad1b19c84af71c22cbc9ea9a547fc973f1f2cc9a290002c8b3c", size = 240220 },
    { url = "https://files.pythonhosted.org/packages/65/4d/6f83ca1bddcf8e51bf8ff71572f39a1c73c34cf50e752a952c34f24d0a60/coverage-7.6.10-cp313-cp313-musllinux_1_2_aarch64.whl", hash = "sha256:4e4630c26b6084c9b3cb53b15bd488f30ceb50b73c35c5ad7871b869cb7365fd", size = 239847 },
    { url = "https://files.pythonhosted.org/packages/30/9d/2470df6aa146aff4c65fee0f87f58d2164a67533c771c9cc12ffcdb865d5/coverage-7.6.10-cp313-cp313-musllinux_1_2_i686.whl", hash = "sha256:2396e8116db77789f819d2bc8a7e200232b7a282c66e0ae2d2cd84581a89757e", size = 237922 },
    { url = "https://files.pythonhosted.org/packages/08/dd/723fef5d901e6a89f2507094db66c091449c8ba03272861eaefa773ad95c/coverage-7.6.10-cp313-cp313-musllinux_1_2_x86_64.whl", hash = "sha256:79109c70cc0882e4d2d002fe69a24aa504dec0cc17169b3c7f41a1d341a73694", size = 239783 },
    { url = "https://files.pythonhosted.org/packages/3d/f7/64d3298b2baf261cb35466000628706ce20a82d42faf9b771af447cd2b76/coverage-7.6.10-cp313-cp313-win32.whl", hash = "sha256:9e1747bab246d6ff2c4f28b4d186b205adced9f7bd9dc362051cc37c4a0c7bd6", size = 210965 },
    { url = "https://files.pythonhosted.org/packages/d5/58/ec43499a7fc681212fe7742fe90b2bc361cdb72e3181ace1604247a5b24d/coverage-7.6.10-cp313-cp313-win_amd64.whl", hash = "sha256:254f1a3b1eef5f7ed23ef265eaa89c65c8c5b6b257327c149db1ca9d4a35f25e", size = 211719 },
    { url = "https://files.pythonhosted.org/packages/ab/c9/f2857a135bcff4330c1e90e7d03446b036b2363d4ad37eb5e3a47bbac8a6/coverage-7.6.10-cp313-cp313t-macosx_10_13_x86_64.whl", hash = "sha256:2ccf240eb719789cedbb9fd1338055de2761088202a9a0b73032857e53f612fe", size = 209050 },
    { url = "https://files.pythonhosted.org/packages/aa/b3/f840e5bd777d8433caa9e4a1eb20503495709f697341ac1a8ee6a3c906ad/coverage-7.6.10-cp313-cp313t-macosx_11_0_arm64.whl", hash = "sha256:0c807ca74d5a5e64427c8805de15b9ca140bba13572d6d74e262f46f50b13273", size = 209321 },
    { url = "https://files.pythonhosted.org/packages/85/7d/125a5362180fcc1c03d91850fc020f3831d5cda09319522bcfa6b2b70be7/coverage-7.6.10-cp313-cp313t-manylinux_2_17_aarch64.manylinux2014_aarch64.whl", hash = "sha256:2bcfa46d7709b5a7ffe089075799b902020b62e7ee56ebaed2f4bdac04c508d8", size = 252039 },
    { url = "https://files.pythonhosted.org/packages/a9/9c/4358bf3c74baf1f9bddd2baf3756b54c07f2cfd2535f0a47f1e7757e54b3/coverage-7.6.10-cp313-cp313t-manylinux_2_5_i686.manylinux1_i686.manylinux_2_17_i686.manylinux2014_i686.whl", hash = "sha256:4e0de1e902669dccbf80b0415fb6b43d27edca2fbd48c74da378923b05316098", size = 247758 },
    { url = "https://files.pythonhosted.org/packages/cf/c7/de3eb6fc5263b26fab5cda3de7a0f80e317597a4bad4781859f72885f300/coverage-7.6.10-cp313-cp313t-manylinux_2_5_x86_64.manylinux1_x86_64.manylinux_2_17_x86_64.manylinux2014_x86_64.whl", hash = "sha256:3f7b444c42bbc533aaae6b5a2166fd1a797cdb5eb58ee51a92bee1eb94a1e1cb", size = 250119 },
    { url = "https://files.pythonhosted.org/packages/3e/e6/43de91f8ba2ec9140c6a4af1102141712949903dc732cf739167cfa7a3bc/coverage-7.6.10-cp313-cp313t-musllinux_1_2_aarch64.whl", hash = "sha256:b330368cb99ef72fcd2dc3ed260adf67b31499584dc8a20225e85bfe6f6cfed0", size = 249597 },
    { url = "https://files.pythonhosted.org/packages/08/40/61158b5499aa2adf9e37bc6d0117e8f6788625b283d51e7e0c53cf340530/coverage-7.6.10-cp313-cp313t-musllinux_1_2_i686.whl", hash = "sha256:9a7cfb50515f87f7ed30bc882f68812fd98bc2852957df69f3003d22a2aa0abf", size = 247473 },
    { url = "https://files.pythonhosted.org/packages/50/69/b3f2416725621e9f112e74e8470793d5b5995f146f596f133678a633b77e/coverage-7.6.10-cp313-cp313t-musllinux_1_2_x86_64.whl", hash = "sha256:6f93531882a5f68c28090f901b1d135de61b56331bba82028489bc51bdd818d2", size = 248737 },
    { url = "https://files.pythonhosted.org/packages/3c/6e/fe899fb937657db6df31cc3e61c6968cb56d36d7326361847440a430152e/coverage-7.6.10-cp313-cp313t-win32.whl", hash = "sha256:89d76815a26197c858f53c7f6a656686ec392b25991f9e409bcef020cd532312", size = 211611 },
    { url = "https://files.pythonhosted.org/packages/1c/55/52f5e66142a9d7bc93a15192eba7a78513d2abf6b3558d77b4ca32f5f424/coverage-7.6.10-cp313-cp313t-win_amd64.whl", hash = "sha256:54a5f0f43950a36312155dae55c505a76cd7f2b12d26abeebbe7a0b36dbc868d", size = 212781 },
]

[[package]]
name = "distlib"
version = "0.3.9"
source = { registry = "https://pypi.org/simple" }
sdist = { url = "https://files.pythonhosted.org/packages/0d/dd/1bec4c5ddb504ca60fc29472f3d27e8d4da1257a854e1d96742f15c1d02d/distlib-0.3.9.tar.gz", hash = "sha256:a60f20dea646b8a33f3e7772f74dc0b2d0772d2837ee1342a00645c81edf9403", size = 613923 }
wheels = [
    { url = "https://files.pythonhosted.org/packages/91/a1/cf2472db20f7ce4a6be1253a81cfdf85ad9c7885ffbed7047fb72c24cf87/distlib-0.3.9-py2.py3-none-any.whl", hash = "sha256:47f8c22fd27c27e25a65601af709b38e4f0a45ea4fc2e710f65755fa8caaaf87", size = 468973 },
]

[[package]]
name = "filelock"
version = "3.17.0"
source = { registry = "https://pypi.org/simple" }
sdist = { url = "https://files.pythonhosted.org/packages/dc/9c/0b15fb47b464e1b663b1acd1253a062aa5feecb07d4e597daea542ebd2b5/filelock-3.17.0.tar.gz", hash = "sha256:ee4e77401ef576ebb38cd7f13b9b28893194acc20a8e68e18730ba9c0e54660e", size = 18027 }
wheels = [
    { url = "https://files.pythonhosted.org/packages/89/ec/00d68c4ddfedfe64159999e5f8a98fb8442729a63e2077eb9dcd89623d27/filelock-3.17.0-py3-none-any.whl", hash = "sha256:533dc2f7ba78dc2f0f531fc6c4940addf7b70a481e269a5a3b93be94ffbe8338", size = 16164 },
]

[[package]]
name = "identify"
version = "2.6.6"
source = { registry = "https://pypi.org/simple" }
sdist = { url = "https://files.pythonhosted.org/packages/82/bf/c68c46601bacd4c6fb4dd751a42b6e7087240eaabc6487f2ef7a48e0e8fc/identify-2.6.6.tar.gz", hash = "sha256:7bec12768ed44ea4761efb47806f0a41f86e7c0a5fdf5950d4648c90eca7e251", size = 99217 }
wheels = [
    { url = "https://files.pythonhosted.org/packages/74/a1/68a395c17eeefb04917034bd0a1bfa765e7654fa150cca473d669aa3afb5/identify-2.6.6-py2.py3-none-any.whl", hash = "sha256:cbd1810bce79f8b671ecb20f53ee0ae8e86ae84b557de31d89709dc2a48ba881", size = 99083 },
]

[[package]]
name = "iniconfig"
version = "2.0.0"
source = { registry = "https://pypi.org/simple" }
sdist = { url = "https://files.pythonhosted.org/packages/d7/4b/cbd8e699e64a6f16ca3a8220661b5f83792b3017d0f79807cb8708d33913/iniconfig-2.0.0.tar.gz", hash = "sha256:2d91e135bf72d31a410b17c16da610a82cb55f6b0477d1a902134b24a455b8b3", size = 4646 }
wheels = [
    { url = "https://files.pythonhosted.org/packages/ef/a6/62565a6e1cf69e10f5727360368e451d4b7f58beeac6173dc9db836a5b46/iniconfig-2.0.0-py3-none-any.whl", hash = "sha256:b6a85871a79d2e3b22d2d1b94ac2824226a63c6b741c88f7ae975f18b6778374", size = 5892 },
]

[[package]]
name = "mypy-extensions"
version = "1.0.0"
source = { registry = "https://pypi.org/simple" }
sdist = { url = "https://files.pythonhosted.org/packages/98/a4/1ab47638b92648243faf97a5aeb6ea83059cc3624972ab6b8d2316078d3f/mypy_extensions-1.0.0.tar.gz", hash = "sha256:75dbf8955dc00442a438fc4d0666508a9a97b6bd41aa2f0ffe9d2f2725af0782", size = 4433 }
wheels = [
    { url = "https://files.pythonhosted.org/packages/2a/e2/5d3f6ada4297caebe1a2add3b126fe800c96f56dbe5d1988a2cbe0b267aa/mypy_extensions-1.0.0-py3-none-any.whl", hash = "sha256:4392f6c0eb8a5668a69e23d168ffa70f0be9ccfd32b5cc2d26a34ae5b844552d", size = 4695 },
]

[[package]]
name = "nodeenv"
version = "1.9.1"
source = { registry = "https://pypi.org/simple" }
sdist = { url = "https://files.pythonhosted.org/packages/43/16/fc88b08840de0e0a72a2f9d8c6bae36be573e475a6326ae854bcc549fc45/nodeenv-1.9.1.tar.gz", hash = "sha256:6ec12890a2dab7946721edbfbcd91f3319c6ccc9aec47be7c7e6b7011ee6645f", size = 47437 }
wheels = [
    { url = "https://files.pythonhosted.org/packages/d2/1d/1b658dbd2b9fa9c4c9f32accbfc0205d532c8c6194dc0f2a4c0428e7128a/nodeenv-1.9.1-py2.py3-none-any.whl", hash = "sha256:ba11c9782d29c27c70ffbdda2d7415098754709be8a7056d79a737cd901155c9", size = 22314 },
]

[[package]]
name = "numpy"
version = "2.2.2"
source = { registry = "https://pypi.org/simple" }
sdist = { url = "https://files.pythonhosted.org/packages/ec/d0/c12ddfd3a02274be06ffc71f3efc6d0e457b0409c4481596881e748cb264/numpy-2.2.2.tar.gz", hash = "sha256:ed6906f61834d687738d25988ae117683705636936cc605be0bb208b23df4d8f", size = 20233295 }
wheels = [
    { url = "https://files.pythonhosted.org/packages/e1/fe/df5624001f4f5c3e0b78e9017bfab7fdc18a8d3b3d3161da3d64924dd659/numpy-2.2.2-cp313-cp313-macosx_10_13_x86_64.whl", hash = "sha256:b208cfd4f5fe34e1535c08983a1a6803fdbc7a1e86cf13dd0c61de0b51a0aadc", size = 20899188 },
    { url = "https://files.pythonhosted.org/packages/a9/80/d349c3b5ed66bd3cb0214be60c27e32b90a506946857b866838adbe84040/numpy-2.2.2-cp313-cp313-macosx_11_0_arm64.whl", hash = "sha256:d0bbe7dd86dca64854f4b6ce2ea5c60b51e36dfd597300057cf473d3615f2369", size = 14113972 },
    { url = "https://files.pythonhosted.org/packages/9d/50/949ec9cbb28c4b751edfa64503f0913cbfa8d795b4a251e7980f13a8a655/numpy-2.2.2-cp313-cp313-macosx_14_0_arm64.whl", hash = "sha256:22ea3bb552ade325530e72a0c557cdf2dea8914d3a5e1fecf58fa5dbcc6f43cd", size = 5114294 },
    { url = "https://files.pythonhosted.org/packages/8d/f3/399c15629d5a0c68ef2aa7621d430b2be22034f01dd7f3c65a9c9666c445/numpy-2.2.2-cp313-cp313-macosx_14_0_x86_64.whl", hash = "sha256:128c41c085cab8a85dc29e66ed88c05613dccf6bc28b3866cd16050a2f5448be", size = 6648426 },
    { url = "https://files.pythonhosted.org/packages/2c/03/c72474c13772e30e1bc2e558cdffd9123c7872b731263d5648b5c49dd459/numpy-2.2.2-cp313-cp313-manylinux_2_17_aarch64.manylinux2014_aarch64.whl", hash = "sha256:250c16b277e3b809ac20d1f590716597481061b514223c7badb7a0f9993c7f84", size = 14045990 },
    { url = "https://files.pythonhosted.org/packages/83/9c/96a9ab62274ffafb023f8ee08c88d3d31ee74ca58869f859db6845494fa6/numpy-2.2.2-cp313-cp313-manylinux_2_17_x86_64.manylinux2014_x86_64.whl", hash = "sha256:e0c8854b09bc4de7b041148d8550d3bd712b5c21ff6a8ed308085f190235d7ff", size = 16096614 },
    { url = "https://files.pythonhosted.org/packages/d5/34/cd0a735534c29bec7093544b3a509febc9b0df77718a9b41ffb0809c9f46/numpy-2.2.2-cp313-cp313-musllinux_1_2_aarch64.whl", hash = "sha256:b6fb9c32a91ec32a689ec6410def76443e3c750e7cfc3fb2206b985ffb2b85f0", size = 15242123 },
    { url = "https://files.pythonhosted.org/packages/5e/6d/541717a554a8f56fa75e91886d9b79ade2e595918690eb5d0d3dbd3accb9/numpy-2.2.2-cp313-cp313-musllinux_1_2_x86_64.whl", hash = "sha256:57b4012e04cc12b78590a334907e01b3a85efb2107df2b8733ff1ed05fce71de", size = 17859160 },
    { url = "https://files.pythonhosted.org/packages/b9/a5/fbf1f2b54adab31510728edd06a05c1b30839f37cf8c9747cb85831aaf1b/numpy-2.2.2-cp313-cp313-win32.whl", hash = "sha256:4dbd80e453bd34bd003b16bd802fac70ad76bd463f81f0c518d1245b1c55e3d9", size = 6273337 },
    { url = "https://files.pythonhosted.org/packages/56/e5/01106b9291ef1d680f82bc47d0c5b5e26dfed15b0754928e8f856c82c881/numpy-2.2.2-cp313-cp313-win_amd64.whl", hash = "sha256:5a8c863ceacae696aff37d1fd636121f1a512117652e5dfb86031c8d84836369", size = 12609010 },
    { url = "https://files.pythonhosted.org/packages/9f/30/f23d9876de0f08dceb707c4dcf7f8dd7588266745029debb12a3cdd40be6/numpy-2.2.2-cp313-cp313t-macosx_10_13_x86_64.whl", hash = "sha256:b3482cb7b3325faa5f6bc179649406058253d91ceda359c104dac0ad320e1391", size = 20924451 },
    { url = "https://files.pythonhosted.org/packages/6a/ec/6ea85b2da9d5dfa1dbb4cb3c76587fc8ddcae580cb1262303ab21c0926c4/numpy-2.2.2-cp313-cp313t-macosx_11_0_arm64.whl", hash = "sha256:9491100aba630910489c1d0158034e1c9a6546f0b1340f716d522dc103788e39", size = 14122390 },
    { url = "https://files.pythonhosted.org/packages/68/05/bfbdf490414a7dbaf65b10c78bc243f312c4553234b6d91c94eb7c4b53c2/numpy-2.2.2-cp313-cp313t-macosx_14_0_arm64.whl", hash = "sha256:41184c416143defa34cc8eb9d070b0a5ba4f13a0fa96a709e20584638254b317", size = 5156590 },
    { url = "https://files.pythonhosted.org/packages/f7/ec/fe2e91b2642b9d6544518388a441bcd65c904cea38d9ff998e2e8ebf808e/numpy-2.2.2-cp313-cp313t-macosx_14_0_x86_64.whl", hash = "sha256:7dca87ca328f5ea7dafc907c5ec100d187911f94825f8700caac0b3f4c384b49", size = 6671958 },
    { url = "https://files.pythonhosted.org/packages/b1/6f/6531a78e182f194d33ee17e59d67d03d0d5a1ce7f6be7343787828d1bd4a/numpy-2.2.2-cp313-cp313t-manylinux_2_17_aarch64.manylinux2014_aarch64.whl", hash = "sha256:0bc61b307655d1a7f9f4b043628b9f2b721e80839914ede634e3d485913e1fb2", size = 14019950 },
    { url = "https://files.pythonhosted.org/packages/e1/fb/13c58591d0b6294a08cc40fcc6b9552d239d773d520858ae27f39997f2ae/numpy-2.2.2-cp313-cp313t-manylinux_2_17_x86_64.manylinux2014_x86_64.whl", hash = "sha256:9fad446ad0bc886855ddf5909cbf8cb5d0faa637aaa6277fb4b19ade134ab3c7", size = 16079759 },
    { url = "https://files.pythonhosted.org/packages/2c/f2/f2f8edd62abb4b289f65a7f6d1f3650273af00b91b7267a2431be7f1aec6/numpy-2.2.2-cp313-cp313t-musllinux_1_2_aarch64.whl", hash = "sha256:149d1113ac15005652e8d0d3f6fd599360e1a708a4f98e43c9c77834a28238cb", size = 15226139 },
    { url = "https://files.pythonhosted.org/packages/aa/29/14a177f1a90b8ad8a592ca32124ac06af5eff32889874e53a308f850290f/numpy-2.2.2-cp313-cp313t-musllinux_1_2_x86_64.whl", hash = "sha256:106397dbbb1896f99e044efc90360d098b3335060375c26aa89c0d8a97c5f648", size = 17856316 },
    { url = "https://files.pythonhosted.org/packages/95/03/242ae8d7b97f4e0e4ab8dd51231465fb23ed5e802680d629149722e3faf1/numpy-2.2.2-cp313-cp313t-win32.whl", hash = "sha256:0eec19f8af947a61e968d5429f0bd92fec46d92b0008d0a6685b40d6adf8a4f4", size = 6329134 },
    { url = "https://files.pythonhosted.org/packages/80/94/cd9e9b04012c015cb6320ab3bf43bc615e248dddfeb163728e800a5d96f0/numpy-2.2.2-cp313-cp313t-win_amd64.whl", hash = "sha256:97b974d3ba0fb4612b77ed35d7627490e8e3dff56ab41454d9e8b23448940576", size = 12696208 },
]

[[package]]
name = "packaging"
version = "24.2"
source = { registry = "https://pypi.org/simple" }
sdist = { url = "https://files.pythonhosted.org/packages/d0/63/68dbb6eb2de9cb10ee4c9c14a0148804425e13c4fb20d61cce69f53106da/packaging-24.2.tar.gz", hash = "sha256:c228a6dc5e932d346bc5739379109d49e8853dd8223571c7c5b55260edc0b97f", size = 163950 }
wheels = [
    { url = "https://files.pythonhosted.org/packages/88/ef/eb23f262cca3c0c4eb7ab1933c3b1f03d021f2c48f54763065b6f0e321be/packaging-24.2-py3-none-any.whl", hash = "sha256:09abb1bccd265c01f4a3aa3f7a7db064b36514d2cba19a2f694fe6150451a759", size = 65451 },
]

[[package]]
name = "pandas"
version = "2.2.3"
source = { registry = "https://pypi.org/simple" }
dependencies = [
    { name = "numpy" },
    { name = "python-dateutil" },
    { name = "pytz" },
    { name = "tzdata" },
]
sdist = { url = "https://files.pythonhosted.org/packages/9c/d6/9f8431bacc2e19dca897724cd097b1bb224a6ad5433784a44b587c7c13af/pandas-2.2.3.tar.gz", hash = "sha256:4f18ba62b61d7e192368b84517265a99b4d7ee8912f8708660fb4a366cc82667", size = 4399213 }
wheels = [
    { url = "https://files.pythonhosted.org/packages/64/22/3b8f4e0ed70644e85cfdcd57454686b9057c6c38d2f74fe4b8bc2527214a/pandas-2.2.3-cp313-cp313-macosx_10_13_x86_64.whl", hash = "sha256:f00d1345d84d8c86a63e476bb4955e46458b304b9575dcf71102b5c705320015", size = 12477643 },
    { url = "https://files.pythonhosted.org/packages/e4/93/b3f5d1838500e22c8d793625da672f3eec046b1a99257666c94446969282/pandas-2.2.3-cp313-cp313-macosx_11_0_arm64.whl", hash = "sha256:3508d914817e153ad359d7e069d752cdd736a247c322d932eb89e6bc84217f28", size = 11281573 },
    { url = "https://files.pythonhosted.org/packages/f5/94/6c79b07f0e5aab1dcfa35a75f4817f5c4f677931d4234afcd75f0e6a66ca/pandas-2.2.3-cp313-cp313-manylinux2014_aarch64.manylinux_2_17_aarch64.whl", hash = "sha256:22a9d949bfc9a502d320aa04e5d02feab689d61da4e7764b62c30b991c42c5f0", size = 15196085 },
    { url = "https://files.pythonhosted.org/packages/e8/31/aa8da88ca0eadbabd0a639788a6da13bb2ff6edbbb9f29aa786450a30a91/pandas-2.2.3-cp313-cp313-manylinux_2_17_x86_64.manylinux2014_x86_64.whl", hash = "sha256:f3a255b2c19987fbbe62a9dfd6cff7ff2aa9ccab3fc75218fd4b7530f01efa24", size = 12711809 },
    { url = "https://files.pythonhosted.org/packages/ee/7c/c6dbdb0cb2a4344cacfb8de1c5808ca885b2e4dcfde8008266608f9372af/pandas-2.2.3-cp313-cp313-musllinux_1_2_aarch64.whl", hash = "sha256:800250ecdadb6d9c78eae4990da62743b857b470883fa27f652db8bdde7f6659", size = 16356316 },
    { url = "https://files.pythonhosted.org/packages/57/b7/8b757e7d92023b832869fa8881a992696a0bfe2e26f72c9ae9f255988d42/pandas-2.2.3-cp313-cp313-musllinux_1_2_x86_64.whl", hash = "sha256:6374c452ff3ec675a8f46fd9ab25c4ad0ba590b71cf0656f8b6daa5202bca3fb", size = 14022055 },
    { url = "https://files.pythonhosted.org/packages/3b/bc/4b18e2b8c002572c5a441a64826252ce5da2aa738855747247a971988043/pandas-2.2.3-cp313-cp313-win_amd64.whl", hash = "sha256:61c5ad4043f791b61dd4752191d9f07f0ae412515d59ba8f005832a532f8736d", size = 11481175 },
    { url = "https://files.pythonhosted.org/packages/76/a3/a5d88146815e972d40d19247b2c162e88213ef51c7c25993942c39dbf41d/pandas-2.2.3-cp313-cp313t-macosx_10_13_x86_64.whl", hash = "sha256:3b71f27954685ee685317063bf13c7709a7ba74fc996b84fc6821c59b0f06468", size = 12615650 },
    { url = "https://files.pythonhosted.org/packages/9c/8c/f0fd18f6140ddafc0c24122c8a964e48294acc579d47def376fef12bcb4a/pandas-2.2.3-cp313-cp313t-macosx_11_0_arm64.whl", hash = "sha256:38cf8125c40dae9d5acc10fa66af8ea6fdf760b2714ee482ca691fc66e6fcb18", size = 11290177 },
    { url = "https://files.pythonhosted.org/packages/ed/f9/e995754eab9c0f14c6777401f7eece0943840b7a9fc932221c19d1abee9f/pandas-2.2.3-cp313-cp313t-manylinux2014_aarch64.manylinux_2_17_aarch64.whl", hash = "sha256:ba96630bc17c875161df3818780af30e43be9b166ce51c9a18c1feae342906c2", size = 14651526 },
    { url = "https://files.pythonhosted.org/packages/25/b0/98d6ae2e1abac4f35230aa756005e8654649d305df9a28b16b9ae4353bff/pandas-2.2.3-cp313-cp313t-manylinux_2_17_x86_64.manylinux2014_x86_64.whl", hash = "sha256:1db71525a1538b30142094edb9adc10be3f3e176748cd7acc2240c2f2e5aa3a4", size = 11871013 },
    { url = "https://files.pythonhosted.org/packages/cc/57/0f72a10f9db6a4628744c8e8f0df4e6e21de01212c7c981d31e50ffc8328/pandas-2.2.3-cp313-cp313t-musllinux_1_2_aarch64.whl", hash = "sha256:15c0e1e02e93116177d29ff83e8b1619c93ddc9c49083f237d4312337a61165d", size = 15711620 },
    { url = "https://files.pythonhosted.org/packages/ab/5f/b38085618b950b79d2d9164a711c52b10aefc0ae6833b96f626b7021b2ed/pandas-2.2.3-cp313-cp313t-musllinux_1_2_x86_64.whl", hash = "sha256:ad5b65698ab28ed8d7f18790a0dc58005c7629f227be9ecc1072aa74c0c1d43a", size = 13098436 },
]

[[package]]
name = "pathspec"
version = "0.12.1"
source = { registry = "https://pypi.org/simple" }
sdist = { url = "https://files.pythonhosted.org/packages/ca/bc/f35b8446f4531a7cb215605d100cd88b7ac6f44ab3fc94870c120ab3adbf/pathspec-0.12.1.tar.gz", hash = "sha256:a482d51503a1ab33b1c67a6c3813a26953dbdc71c31dacaef9a838c4e29f5712", size = 51043 }
wheels = [
    { url = "https://files.pythonhosted.org/packages/cc/20/ff623b09d963f88bfde16306a54e12ee5ea43e9b597108672ff3a408aad6/pathspec-0.12.1-py3-none-any.whl", hash = "sha256:a0d503e138a4c123b27490a4f7beda6a01c6f288df0e4a8b79c7eb0dc7b4cc08", size = 31191 },
]

[[package]]
name = "platformdirs"
version = "4.3.6"
source = { registry = "https://pypi.org/simple" }
sdist = { url = "https://files.pythonhosted.org/packages/13/fc/128cc9cb8f03208bdbf93d3aa862e16d376844a14f9a0ce5cf4507372de4/platformdirs-4.3.6.tar.gz", hash = "sha256:357fb2acbc885b0419afd3ce3ed34564c13c9b95c89360cd9563f73aa5e2b907", size = 21302 }
wheels = [
    { url = "https://files.pythonhosted.org/packages/3c/a6/bc1012356d8ece4d66dd75c4b9fc6c1f6650ddd5991e421177d9f8f671be/platformdirs-4.3.6-py3-none-any.whl", hash = "sha256:73e575e1408ab8103900836b97580d5307456908a03e92031bab39e4554cc3fb", size = 18439 },
]

[[package]]
name = "pluggy"
version = "1.5.0"
source = { registry = "https://pypi.org/simple" }
sdist = { url = "https://files.pythonhosted.org/packages/96/2d/02d4312c973c6050a18b314a5ad0b3210edb65a906f868e31c111dede4a6/pluggy-1.5.0.tar.gz", hash = "sha256:2cffa88e94fdc978c4c574f15f9e59b7f4201d439195c3715ca9e2486f1d0cf1", size = 67955 }
wheels = [
    { url = "https://files.pythonhosted.org/packages/88/5f/e351af9a41f866ac3f1fac4ca0613908d9a41741cfcf2228f4ad853b697d/pluggy-1.5.0-py3-none-any.whl", hash = "sha256:44e1ad92c8ca002de6377e165f3e0f1be63266ab4d554740532335b9d75ea669", size = 20556 },
]

[[package]]
name = "pre-commit"
version = "4.1.0"
source = { registry = "https://pypi.org/simple" }
dependencies = [
    { name = "cfgv" },
    { name = "identify" },
    { name = "nodeenv" },
    { name = "pyyaml" },
    { name = "virtualenv" },
]
sdist = { url = "https://files.pythonhosted.org/packages/2a/13/b62d075317d8686071eb843f0bb1f195eb332f48869d3c31a4c6f1e063ac/pre_commit-4.1.0.tar.gz", hash = "sha256:ae3f018575a588e30dfddfab9a05448bfbd6b73d78709617b5a2b853549716d4", size = 193330 }
wheels = [
    { url = "https://files.pythonhosted.org/packages/43/b3/df14c580d82b9627d173ceea305ba898dca135feb360b6d84019d0803d3b/pre_commit-4.1.0-py2.py3-none-any.whl", hash = "sha256:d29e7cb346295bcc1cc75fc3e92e343495e3ea0196c9ec6ba53f49f10ab6ae7b", size = 220560 },
]

[[package]]
name = "pyproject-api"
version = "1.9.0"
source = { registry = "https://pypi.org/simple" }
dependencies = [
    { name = "packaging" },
]
sdist = { url = "https://files.pythonhosted.org/packages/7e/66/fdc17e94486836eda4ba7113c0db9ac7e2f4eea1b968ee09de2fe75e391b/pyproject_api-1.9.0.tar.gz", hash = "sha256:7e8a9854b2dfb49454fae421cb86af43efbb2b2454e5646ffb7623540321ae6e", size = 22714 }
wheels = [
    { url = "https://files.pythonhosted.org/packages/b0/1d/92b7c765df46f454889d9610292b0ccab15362be3119b9a624458455e8d5/pyproject_api-1.9.0-py3-none-any.whl", hash = "sha256:326df9d68dea22d9d98b5243c46e3ca3161b07a1b9b18e213d1e24fd0e605766", size = 13131 },
]

[[package]]
name = "pyscaffold"
version = "4.6"
source = { registry = "https://pypi.org/simple" }
dependencies = [
    { name = "colorama", marker = "sys_platform == 'win32'" },
    { name = "configupdater" },
    { name = "packaging" },
    { name = "platformdirs" },
    { name = "setuptools" },
    { name = "setuptools-scm" },
    { name = "tomlkit" },
]
sdist = { url = "https://files.pythonhosted.org/packages/a2/97/2b2762142ff73ee1e3d6452c2fe0149dd0da36bf5f042e952c460e09ab74/pyscaffold-4.6.tar.gz", hash = "sha256:4085b8de9200b9f319df6f8ea7997288f159a8e4b284b062d9b2a4d6a9c1234c", size = 5248668 }
wheels = [
    { url = "https://files.pythonhosted.org/packages/b2/5e/3afc55a61171ab0ab8f72478d2732cf89f2a86865bce231d1e46e4191d78/PyScaffold-4.6-py3-none-any.whl", hash = "sha256:6f04900d9f5632bfec9e75241d563b3399889a4651163ed5d19c06f58ded3296", size = 174999 },
]

[[package]]
name = "pytest"
version = "8.3.4"
source = { registry = "https://pypi.org/simple" }
dependencies = [
    { name = "colorama", marker = "sys_platform == 'win32'" },
    { name = "iniconfig" },
    { name = "packaging" },
    { name = "pluggy" },
]
sdist = { url = "https://files.pythonhosted.org/packages/05/35/30e0d83068951d90a01852cb1cef56e5d8a09d20c7f511634cc2f7e0372a/pytest-8.3.4.tar.gz", hash = "sha256:965370d062bce11e73868e0335abac31b4d3de0e82f4007408d242b4f8610761", size = 1445919 }
wheels = [
    { url = "https://files.pythonhosted.org/packages/11/92/76a1c94d3afee238333bc0a42b82935dd8f9cf8ce9e336ff87ee14d9e1cf/pytest-8.3.4-py3-none-any.whl", hash = "sha256:50e16d954148559c9a74109af1eaf0c945ba2d8f30f0a3d3335edde19788b6f6", size = 343083 },
]

[[package]]
name = "pytest-cov"
version = "6.0.0"
source = { registry = "https://pypi.org/simple" }
dependencies = [
    { name = "coverage" },
    { name = "pytest" },
]
sdist = { url = "https://files.pythonhosted.org/packages/be/45/9b538de8cef30e17c7b45ef42f538a94889ed6a16f2387a6c89e73220651/pytest-cov-6.0.0.tar.gz", hash = "sha256:fde0b595ca248bb8e2d76f020b465f3b107c9632e6a1d1705f17834c89dcadc0", size = 66945 }
wheels = [
    { url = "https://files.pythonhosted.org/packages/36/3b/48e79f2cd6a61dbbd4807b4ed46cb564b4fd50a76166b1c4ea5c1d9e2371/pytest_cov-6.0.0-py3-none-any.whl", hash = "sha256:eee6f1b9e61008bd34975a4d5bab25801eb31898b032dd55addc93e96fcaaa35", size = 22949 },
]

[[package]]
name = "python-dateutil"
version = "2.9.0.post0"
source = { registry = "https://pypi.org/simple" }
dependencies = [
    { name = "six" },
]
sdist = { url = "https://files.pythonhosted.org/packages/66/c0/0c8b6ad9f17a802ee498c46e004a0eb49bc148f2fd230864601a86dcf6db/python-dateutil-2.9.0.post0.tar.gz", hash = "sha256:37dd54208da7e1cd875388217d5e00ebd4179249f90fb72437e91a35459a0ad3", size = 342432 }
wheels = [
    { url = "https://files.pythonhosted.org/packages/ec/57/56b9bcc3c9c6a792fcbaf139543cee77261f3651ca9da0c93f5c1221264b/python_dateutil-2.9.0.post0-py2.py3-none-any.whl", hash = "sha256:a8b2bc7bffae282281c8140a97d3aa9c14da0b136dfe83f850eea9a5f7470427", size = 229892 },
]

[[package]]
name = "pytz"
version = "2024.2"
source = { registry = "https://pypi.org/simple" }
sdist = { url = "https://files.pythonhosted.org/packages/3a/31/3c70bf7603cc2dca0f19bdc53b4537a797747a58875b552c8c413d963a3f/pytz-2024.2.tar.gz", hash = "sha256:2aa355083c50a0f93fa581709deac0c9ad65cca8a9e9beac660adcbd493c798a", size = 319692 }
wheels = [
    { url = "https://files.pythonhosted.org/packages/11/c3/005fcca25ce078d2cc29fd559379817424e94885510568bc1bc53d7d5846/pytz-2024.2-py2.py3-none-any.whl", hash = "sha256:31c7c1817eb7fae7ca4b8c7ee50c72f93aa2dd863de768e1ef4245d426aa0725", size = 508002 },
]

[[package]]
name = "pyyaml"
version = "6.0.2"
source = { registry = "https://pypi.org/simple" }
sdist = { url = "https://files.pythonhosted.org/packages/54/ed/79a089b6be93607fa5cdaedf301d7dfb23af5f25c398d5ead2525b063e17/pyyaml-6.0.2.tar.gz", hash = "sha256:d584d9ec91ad65861cc08d42e834324ef890a082e591037abe114850ff7bbc3e", size = 130631 }
wheels = [
    { url = "https://files.pythonhosted.org/packages/ef/e3/3af305b830494fa85d95f6d95ef7fa73f2ee1cc8ef5b495c7c3269fb835f/PyYAML-6.0.2-cp313-cp313-macosx_10_13_x86_64.whl", hash = "sha256:efdca5630322a10774e8e98e1af481aad470dd62c3170801852d752aa7a783ba", size = 181309 },
    { url = "https://files.pythonhosted.org/packages/45/9f/3b1c20a0b7a3200524eb0076cc027a970d320bd3a6592873c85c92a08731/PyYAML-6.0.2-cp313-cp313-macosx_11_0_arm64.whl", hash = "sha256:50187695423ffe49e2deacb8cd10510bc361faac997de9efef88badc3bb9e2d1", size = 171679 },
    { url = "https://files.pythonhosted.org/packages/7c/9a/337322f27005c33bcb656c655fa78325b730324c78620e8328ae28b64d0c/PyYAML-6.0.2-cp313-cp313-manylinux_2_17_aarch64.manylinux2014_aarch64.whl", hash = "sha256:0ffe8360bab4910ef1b9e87fb812d8bc0a308b0d0eef8c8f44e0254ab3b07133", size = 733428 },
    { url = "https://files.pythonhosted.org/packages/a3/69/864fbe19e6c18ea3cc196cbe5d392175b4cf3d5d0ac1403ec3f2d237ebb5/PyYAML-6.0.2-cp313-cp313-manylinux_2_17_s390x.manylinux2014_s390x.whl", hash = "sha256:17e311b6c678207928d649faa7cb0d7b4c26a0ba73d41e99c4fff6b6c3276484", size = 763361 },
    { url = "https://files.pythonhosted.org/packages/04/24/b7721e4845c2f162d26f50521b825fb061bc0a5afcf9a386840f23ea19fa/PyYAML-6.0.2-cp313-cp313-manylinux_2_17_x86_64.manylinux2014_x86_64.whl", hash = "sha256:70b189594dbe54f75ab3a1acec5f1e3faa7e8cf2f1e08d9b561cb41b845f69d5", size = 759523 },
    { url = "https://files.pythonhosted.org/packages/2b/b2/e3234f59ba06559c6ff63c4e10baea10e5e7df868092bf9ab40e5b9c56b6/PyYAML-6.0.2-cp313-cp313-musllinux_1_1_aarch64.whl", hash = "sha256:41e4e3953a79407c794916fa277a82531dd93aad34e29c2a514c2c0c5fe971cc", size = 726660 },
    { url = "https://files.pythonhosted.org/packages/fe/0f/25911a9f080464c59fab9027482f822b86bf0608957a5fcc6eaac85aa515/PyYAML-6.0.2-cp313-cp313-musllinux_1_1_x86_64.whl", hash = "sha256:68ccc6023a3400877818152ad9a1033e3db8625d899c72eacb5a668902e4d652", size = 751597 },
    { url = "https://files.pythonhosted.org/packages/14/0d/e2c3b43bbce3cf6bd97c840b46088a3031085179e596d4929729d8d68270/PyYAML-6.0.2-cp313-cp313-win32.whl", hash = "sha256:bc2fa7c6b47d6bc618dd7fb02ef6fdedb1090ec036abab80d4681424b84c1183", size = 140527 },
    { url = "https://files.pythonhosted.org/packages/fa/de/02b54f42487e3d3c6efb3f89428677074ca7bf43aae402517bc7cca949f3/PyYAML-6.0.2-cp313-cp313-win_amd64.whl", hash = "sha256:8388ee1976c416731879ac16da0aff3f63b286ffdd57cdeb95f3f2e085687563", size = 156446 },
]

[[package]]
name = "setuptools"
version = "75.8.0"
source = { registry = "https://pypi.org/simple" }
sdist = { url = "https://files.pythonhosted.org/packages/92/ec/089608b791d210aec4e7f97488e67ab0d33add3efccb83a056cbafe3a2a6/setuptools-75.8.0.tar.gz", hash = "sha256:c5afc8f407c626b8313a86e10311dd3f661c6cd9c09d4bf8c15c0e11f9f2b0e6", size = 1343222 }
wheels = [
    { url = "https://files.pythonhosted.org/packages/69/8a/b9dc7678803429e4a3bc9ba462fa3dd9066824d3c607490235c6a796be5a/setuptools-75.8.0-py3-none-any.whl", hash = "sha256:e3982f444617239225d675215d51f6ba05f845d4eec313da4418fdbb56fb27e3", size = 1228782 },
]

[[package]]
name = "setuptools-scm"
version = "8.1.0"
source = { registry = "https://pypi.org/simple" }
dependencies = [
    { name = "packaging" },
    { name = "setuptools" },
]
sdist = { url = "https://files.pythonhosted.org/packages/4f/a4/00a9ac1b555294710d4a68d2ce8dfdf39d72aa4d769a7395d05218d88a42/setuptools_scm-8.1.0.tar.gz", hash = "sha256:42dea1b65771cba93b7a515d65a65d8246e560768a66b9106a592c8e7f26c8a7", size = 76465 }
wheels = [
    { url = "https://files.pythonhosted.org/packages/a0/b9/1906bfeb30f2fc13bb39bf7ddb8749784c05faadbd18a21cf141ba37bff2/setuptools_scm-8.1.0-py3-none-any.whl", hash = "sha256:897a3226a6fd4a6eb2f068745e49733261a21f70b1bb28fce0339feb978d9af3", size = 43666 },
]

[[package]]
name = "six"
version = "1.17.0"
source = { registry = "https://pypi.org/simple" }
sdist = { url = "https://files.pythonhosted.org/packages/94/e7/b2c673351809dca68a0e064b6af791aa332cf192da575fd474ed7d6f16a2/six-1.17.0.tar.gz", hash = "sha256:ff70335d468e7eb6ec65b95b99d3a2836546063f63acc5171de367e834932a81", size = 34031 }
wheels = [
    { url = "https://files.pythonhosted.org/packages/b7/ce/149a00dd41f10bc29e5921b496af8b574d8413afcd5e30dfa0ed46c2cc5e/six-1.17.0-py2.py3-none-any.whl", hash = "sha256:4721f391ed90541fddacab5acf947aa0d3dc7d27b2e1e8eda2be8970586c3274", size = 11050 },
]

[[package]]
name = "tomlkit"
version = "0.13.2"
source = { registry = "https://pypi.org/simple" }
sdist = { url = "https://files.pythonhosted.org/packages/b1/09/a439bec5888f00a54b8b9f05fa94d7f901d6735ef4e55dcec9bc37b5d8fa/tomlkit-0.13.2.tar.gz", hash = "sha256:fff5fe59a87295b278abd31bec92c15d9bc4a06885ab12bcea52c71119392e79", size = 192885 }
wheels = [
    { url = "https://files.pythonhosted.org/packages/f9/b6/a447b5e4ec71e13871be01ba81f5dfc9d0af7e473da256ff46bc0e24026f/tomlkit-0.13.2-py3-none-any.whl", hash = "sha256:7a974427f6e119197f670fbbbeae7bef749a6c14e793db934baefc1b5f03efde", size = 37955 },
]

[[package]]
name = "tox"
version = "4.24.1"
source = { registry = "https://pypi.org/simple" }
dependencies = [
    { name = "cachetools" },
    { name = "chardet" },
    { name = "colorama" },
    { name = "filelock" },
    { name = "packaging" },
    { name = "platformdirs" },
    { name = "pluggy" },
    { name = "pyproject-api" },
    { name = "virtualenv" },
]
sdist = { url = "https://files.pythonhosted.org/packages/cf/7b/97f757e159983737bdd8fb513f4c263cd411a846684814ed5433434a1fa9/tox-4.24.1.tar.gz", hash = "sha256:083a720adbc6166fff0b7d1df9d154f9d00bfccb9403b8abf6bc0ee435d6a62e", size = 194742 }
wheels = [
    { url = "https://files.pythonhosted.org/packages/ab/04/b0d1c1b44c98583cab9eabb4acdba964fdf6b6c597c53cfb8870fd08cbbf/tox-4.24.1-py3-none-any.whl", hash = "sha256:57ba7df7d199002c6df8c2db9e6484f3de6ca8f42013c083ea2d4d1e5c6bdc75", size = 171829 },
]

[[package]]
name = "tzdata"
version = "2025.1"
source = { registry = "https://pypi.org/simple" }
sdist = { url = "https://files.pythonhosted.org/packages/43/0f/fa4723f22942480be4ca9527bbde8d43f6c3f2fe8412f00e7f5f6746bc8b/tzdata-2025.1.tar.gz", hash = "sha256:24894909e88cdb28bd1636c6887801df64cb485bd593f2fd83ef29075a81d694", size = 194950 }
wheels = [
    { url = "https://files.pythonhosted.org/packages/0f/dd/84f10e23edd882c6f968c21c2434fe67bd4a528967067515feca9e611e5e/tzdata-2025.1-py2.py3-none-any.whl", hash = "sha256:7e127113816800496f027041c570f50bcd464a020098a3b6b199517772303639", size = 346762 },
]

[[package]]
name = "virtualenv"
version = "20.29.1"
source = { registry = "https://pypi.org/simple" }
dependencies = [
    { name = "distlib" },
    { name = "filelock" },
    { name = "platformdirs" },
]
sdist = { url = "https://files.pythonhosted.org/packages/a7/ca/f23dcb02e161a9bba141b1c08aa50e8da6ea25e6d780528f1d385a3efe25/virtualenv-20.29.1.tar.gz", hash = "sha256:b8b8970138d32fb606192cb97f6cd4bb644fa486be9308fb9b63f81091b5dc35", size = 7658028 }
wheels = [
    { url = "https://files.pythonhosted.org/packages/89/9b/599bcfc7064fbe5740919e78c5df18e5dceb0887e676256a1061bb5ae232/virtualenv-20.29.1-py3-none-any.whl", hash = "sha256:4e4cb403c0b0da39e13b46b1b2476e505cb0046b25f242bee80f62bf990b2779", size = 4282379 },
]

[[package]]
name = "weighted-sample-statistics"
version = "0.2.3.post1.dev2+ge060782"
source = { editable = "." }
dependencies = [
    { name = "numpy" },
    { name = "pandas" },
]

[package.optional-dependencies]
dev = [
    { name = "black" },
    { name = "pre-commit" },
    { name = "pyscaffold" },
    { name = "pytest" },
    { name = "pytest-cov" },
    { name = "setuptools" },
    { name = "tox" },
]
testing = [
    { name = "pytest" },
    { name = "pytest-cov" },
    { name = "setuptools" },
]

[package.metadata]
requires-dist = [
    { name = "black", marker = "extra == 'dev'" },
    { name = "numpy", specifier = ">=1.24.4" },
    { name = "pandas" },
    { name = "pre-commit", marker = "extra == 'dev'" },
    { name = "pyscaffold", marker = "extra == 'dev'" },
    { name = "pytest", marker = "extra == 'dev'" },
    { name = "pytest", marker = "extra == 'testing'" },
    { name = "pytest-cov", marker = "extra == 'dev'" },
    { name = "pytest-cov", marker = "extra == 'testing'" },
    { name = "setuptools", marker = "extra == 'dev'" },
    { name = "setuptools", marker = "extra == 'testing'" },
    { name = "tox", marker = "extra == 'dev'" },
]
